
Microsoft Visual Studio Solution File, Format Version 12.00
# Visual Studio Version 16
VisualStudioVersion = 16.0.29006.145
MinimumVisualStudioVersion = 10.0.40219.1
Project("{9344BDBB-3E7F-41FC-A0DD-8665D75EE146}") = "PikchaWebApp", "PikchaWebApp\PikchaWebApp.csproj", "{08195A0A-BB8B-464E-AC98-9C9240367E2C}"
EndProject
Global
	GlobalSection(SolutionConfigurationPlatforms) = preSolution
		Debug|Any CPU = Debug|Any CPU
		Release|Any CPU = Release|Any CPU
	EndGlobalSection
	GlobalSection(ProjectConfigurationPlatforms) = postSolution
		{08195A0A-BB8B-464E-AC98-9C9240367E2C}.Debug|Any CPU.ActiveCfg = Debug|Any CPU
		{08195A0A-BB8B-464E-AC98-9C9240367E2C}.Debug|Any CPU.Build.0 = Debug|Any CPU
		{08195A0A-BB8B-464E-AC98-9C9240367E2C}.Release|Any CPU.ActiveCfg = Release|Any CPU
		{08195A0A-BB8B-464E-AC98-9C9240367E2C}.Release|Any CPU.Build.0 = Release|Any CPU
	EndGlobalSection
	GlobalSection(SolutionProperties) = preSolution
		HideSolutionNode = FALSE
	EndGlobalSection
	GlobalSection(ExtensibilityGlobals) = postSolution
		SolutionGuid = {ECC0B697-B5C5-42AA-9F75-B4E64214C784}
	EndGlobalSection
EndGlobal
