
Microsoft Visual Studio Solution File, Format Version 12.00
# Visual Studio Version 16
VisualStudioVersion = 16.0.29230.61
MinimumVisualStudioVersion = 10.0.40219.1
Project("{9A19103F-16F7-4668-BE54-9A1E7A4F7556}") = "PikchWebApp", "PikchWebApp\PikchWebApp.csproj", "{A38C3C51-08AB-4008-856D-104A64590AB6}"
EndProject
Project("{FAE04EC0-301F-11D3-BF4B-00C04F79EFBC}") = "PikchaWebApp.Test", "PikchaWebApp.Test\PikchaWebApp.Test.csproj", "{9B2B8E68-000E-4A53-9C0C-CBC0B7F26A59}"
EndProject
Global
	GlobalSection(SolutionConfigurationPlatforms) = preSolution
		Debug|Any CPU = Debug|Any CPU
		Release|Any CPU = Release|Any CPU
	EndGlobalSection
	GlobalSection(ProjectConfigurationPlatforms) = postSolution
		{A38C3C51-08AB-4008-856D-104A64590AB6}.Debug|Any CPU.ActiveCfg = Debug|Any CPU
		{A38C3C51-08AB-4008-856D-104A64590AB6}.Debug|Any CPU.Build.0 = Debug|Any CPU
		{A38C3C51-08AB-4008-856D-104A64590AB6}.Release|Any CPU.ActiveCfg = Release|Any CPU
		{A38C3C51-08AB-4008-856D-104A64590AB6}.Release|Any CPU.Build.0 = Release|Any CPU
		{9B2B8E68-000E-4A53-9C0C-CBC0B7F26A59}.Debug|Any CPU.ActiveCfg = Debug|Any CPU
		{9B2B8E68-000E-4A53-9C0C-CBC0B7F26A59}.Debug|Any CPU.Build.0 = Debug|Any CPU
		{9B2B8E68-000E-4A53-9C0C-CBC0B7F26A59}.Release|Any CPU.ActiveCfg = Release|Any CPU
		{9B2B8E68-000E-4A53-9C0C-CBC0B7F26A59}.Release|Any CPU.Build.0 = Release|Any CPU
	EndGlobalSection
	GlobalSection(SolutionProperties) = preSolution
		HideSolutionNode = FALSE
	EndGlobalSection
	GlobalSection(ExtensibilityGlobals) = postSolution
		SolutionGuid = {E851AFC4-A71D-4BFC-82EB-B2E6508C6EAD}
	EndGlobalSection
EndGlobal
