
Microsoft Visual Studio Solution File, Format Version 12.00
# Visual Studio Version 16
VisualStudioVersion = 16.0.29006.145
MinimumVisualStudioVersion = 10.0.40219.1
Project("{9A19103F-16F7-4668-BE54-9A1E7A4F7556}") = "PikchaWebApp", "PikchaWebApp\PikchaWebApp.csproj", "{34E604F9-8050-4A79-8E64-45B56549E232}"
EndProject
Project("{FAE04EC0-301F-11D3-BF4B-00C04F79EFBC}") = "PikchaWebApp.Test", "PikchaWebApp.Test\PikchaWebApp.Test.csproj", "{65C9AD65-F584-4A56-98BF-F045A35F4D50}"
EndProject
Global
	GlobalSection(SolutionConfigurationPlatforms) = preSolution
		Debug|Any CPU = Debug|Any CPU
		Release|Any CPU = Release|Any CPU
	EndGlobalSection
	GlobalSection(ProjectConfigurationPlatforms) = postSolution
		{34E604F9-8050-4A79-8E64-45B56549E232}.Debug|Any CPU.ActiveCfg = Debug|Any CPU
		{34E604F9-8050-4A79-8E64-45B56549E232}.Debug|Any CPU.Build.0 = Debug|Any CPU
		{34E604F9-8050-4A79-8E64-45B56549E232}.Release|Any CPU.ActiveCfg = Release|Any CPU
		{34E604F9-8050-4A79-8E64-45B56549E232}.Release|Any CPU.Build.0 = Release|Any CPU
		{65C9AD65-F584-4A56-98BF-F045A35F4D50}.Debug|Any CPU.ActiveCfg = Debug|Any CPU
		{65C9AD65-F584-4A56-98BF-F045A35F4D50}.Debug|Any CPU.Build.0 = Debug|Any CPU
		{65C9AD65-F584-4A56-98BF-F045A35F4D50}.Release|Any CPU.ActiveCfg = Release|Any CPU
		{65C9AD65-F584-4A56-98BF-F045A35F4D50}.Release|Any CPU.Build.0 = Release|Any CPU
	EndGlobalSection
	GlobalSection(SolutionProperties) = preSolution
		HideSolutionNode = FALSE
	EndGlobalSection
	GlobalSection(ExtensibilityGlobals) = postSolution
		SolutionGuid = {ECC0B697-B5C5-42AA-9F75-B4E64214C784}
	EndGlobalSection
EndGlobal
